
Microsoft Visual Studio Solution File, Format Version 12.00
# Visual Studio Version 17
VisualStudioVersion = 17.3.32811.315
MinimumVisualStudioVersion = 10.0.40219.1
Project("{8BC9CEB8-8B4A-11D0-8D11-00A0C91BC942}") = "DiagnosticWindow", "DiagnosticWindow\DiagnosticWindow.vcxproj", "{B76CDB65-8EE2-4879-9AB0-A1C58FAE6114}"
EndProject
Project("{9A19103F-16F7-4668-BE54-9A1E7A4F7556}") = "Downscaler", "Downscaler\Downscaler.csproj", "{364F0467-7C29-4D7F-859E-FBF6C0F7F016}"
EndProject
Project("{9A19103F-16F7-4668-BE54-9A1E7A4F7556}") = "Downscaler.Core", "Downscaler.Core\Downscaler.Core.csproj", "{EBD6998B-2764-4177-9852-C3242B490F82}"
EndProject
Project("{8BC9CEB8-8B4A-11D0-8D11-00A0C91BC942}") = "Downscaler.Cpp.Core", "Downscaler.Cpp.Core\Downscaler.Cpp.Core.vcxproj", "{B81789D9-BFF3-4911-A01A-D0AE1F24C9AE}"
EndProject
Project("{8BC9CEB8-8B4A-11D0-8D11-00A0C91BC942}") = "Downscaler.Cpp.WinRT", "Downscaler.Cpp.WinRT\Downscaler.Cpp.WinRT.vcxproj", "{48CDF8C2-4070-4040-A150-30C1B63B39EB}"
EndProject
Project("{54A90642-561A-4BB1-A94E-469ADEE60C69}") = "YamlSchemaTypes", "YamlSchemaTypes\YamlSchemaTypes.esproj", "{AB9BAC2E-012A-424A-BF9B-89E8D1100CAF}"
EndProject
Project("{9A19103F-16F7-4668-BE54-9A1E7A4F7556}") = "IdentifyMonitorsUtil", "IdentifyMonitorsUtil\IdentifyMonitorsUtil.csproj", "{E091BD4A-A6C1-4A18-B75A-819822DA57E9}"
EndProject
Project("{9A19103F-16F7-4668-BE54-9A1E7A4F7556}") = "Core", "Core\Core.csproj", "{7DAAEB98-46A2-4792-9950-AED7712EB151}"
EndProject
Project("{8BC9CEB8-8B4A-11D0-8D11-00A0C91BC942}") = "Cpp.Core", "Cpp.Core\Cpp.Core.vcxproj", "{7BA57957-3A46-4A9B-B600-BA5088E4F441}"
EndProject
Project("{2150E333-8FDC-42A3-9474-1A3956D46DE8}") = "ThirdParty", "ThirdParty", "{683CA2C9-7890-43DB-9071-C93F7B9DFECB}"
EndProject
Project("{FAE04EC0-301F-11D3-BF4B-00C04F79EFBC}") = "DarkModeForms", "ThirdParty\DarkModeForms\DarkModeForms.csproj", "{8BD41B92-2086-467B-9E55-1794A590FF15}"
EndProject
Project("{FAE04EC0-301F-11D3-BF4B-00C04F79EFBC}") = "MonitorFadeUtil", "MonitorFadeUtil\MonitorFadeUtil.csproj", "{745C18F8-8AF9-485A-A534-B187729DFF09}"
EndProject
Project("{FAE04EC0-301F-11D3-BF4B-00C04F79EFBC}") = "GameLauncher", "GameLauncher\GameLauncher.csproj", "{CE26A3AD-6C2E-413B-A5C4-CA5181CE3B2A}"
EndProject
Project("{54A90642-561A-4BB1-A94E-469ADEE60C69}") = "TypeScriptCompiler", "TypeScriptCompiler\TypeScriptCompiler.esproj", "{F39E5CA1-18F1-42BB-9A2D-22591DCF5696}"
EndProject
Project("{FAE04EC0-301F-11D3-BF4B-00C04F79EFBC}") = "GameLauncherTaskGenerator", "GameLauncherTaskGenerator\GameLauncherTaskGenerator.csproj", "{343E323A-2CAD-4EBF-A12A-7D3A5079ABBD}"
EndProject
Project("{54A90642-561A-4BB1-A94E-469ADEE60C69}") = "ScriptEditor", "ScriptEditor\ScriptEditor.esproj", "{F5D6D530-3043-CFF9-0606-B5F5C5C6102D}"
EndProject
Project("{FAE04EC0-301F-11D3-BF4B-00C04F79EFBC}") = "GenericModLauncher", "GenericModLauncher\GenericModLauncher.csproj", "{282BEABE-D0AA-4251-A0F6-65B9C98EC324}"
EndProject
Global
	GlobalSection(SolutionConfigurationPlatforms) = preSolution
		Debug|Any CPU = Debug|Any CPU
		Debug|arm64 = Debug|arm64
		Debug|x64 = Debug|x64
		Debug|x86 = Debug|x86
		Release|Any CPU = Release|Any CPU
		Release|arm64 = Release|arm64
		Release|x64 = Release|x64
		Release|x86 = Release|x86
	EndGlobalSection
	GlobalSection(ProjectConfigurationPlatforms) = postSolution
		{B76CDB65-8EE2-4879-9AB0-A1C58FAE6114}.Debug|Any CPU.ActiveCfg = Debug|x64
		{B76CDB65-8EE2-4879-9AB0-A1C58FAE6114}.Debug|Any CPU.Build.0 = Debug|x64
		{B76CDB65-8EE2-4879-9AB0-A1C58FAE6114}.Debug|arm64.ActiveCfg = Debug|x64
		{B76CDB65-8EE2-4879-9AB0-A1C58FAE6114}.Debug|arm64.Build.0 = Debug|x64
		{B76CDB65-8EE2-4879-9AB0-A1C58FAE6114}.Debug|x64.ActiveCfg = Debug|x64
		{B76CDB65-8EE2-4879-9AB0-A1C58FAE6114}.Debug|x64.Build.0 = Debug|x64
		{B76CDB65-8EE2-4879-9AB0-A1C58FAE6114}.Debug|x86.ActiveCfg = Debug|Win32
		{B76CDB65-8EE2-4879-9AB0-A1C58FAE6114}.Debug|x86.Build.0 = Debug|Win32
		{B76CDB65-8EE2-4879-9AB0-A1C58FAE6114}.Release|Any CPU.ActiveCfg = Release|x64
		{B76CDB65-8EE2-4879-9AB0-A1C58FAE6114}.Release|Any CPU.Build.0 = Release|x64
		{B76CDB65-8EE2-4879-9AB0-A1C58FAE6114}.Release|arm64.ActiveCfg = Release|x64
		{B76CDB65-8EE2-4879-9AB0-A1C58FAE6114}.Release|arm64.Build.0 = Release|x64
		{B76CDB65-8EE2-4879-9AB0-A1C58FAE6114}.Release|x64.ActiveCfg = Release|x64
		{B76CDB65-8EE2-4879-9AB0-A1C58FAE6114}.Release|x64.Build.0 = Release|x64
		{B76CDB65-8EE2-4879-9AB0-A1C58FAE6114}.Release|x86.ActiveCfg = Release|Win32
		{B76CDB65-8EE2-4879-9AB0-A1C58FAE6114}.Release|x86.Build.0 = Release|Win32
		{364F0467-7C29-4D7F-859E-FBF6C0F7F016}.Debug|Any CPU.ActiveCfg = Debug|x64
		{364F0467-7C29-4D7F-859E-FBF6C0F7F016}.Debug|Any CPU.Build.0 = Debug|x64
		{364F0467-7C29-4D7F-859E-FBF6C0F7F016}.Debug|Any CPU.Deploy.0 = Debug|x64
		{364F0467-7C29-4D7F-859E-FBF6C0F7F016}.Debug|arm64.ActiveCfg = Debug|arm64
		{364F0467-7C29-4D7F-859E-FBF6C0F7F016}.Debug|arm64.Build.0 = Debug|arm64
		{364F0467-7C29-4D7F-859E-FBF6C0F7F016}.Debug|arm64.Deploy.0 = Debug|arm64
		{364F0467-7C29-4D7F-859E-FBF6C0F7F016}.Debug|x64.ActiveCfg = Debug|x64
		{364F0467-7C29-4D7F-859E-FBF6C0F7F016}.Debug|x64.Build.0 = Debug|x64
		{364F0467-7C29-4D7F-859E-FBF6C0F7F016}.Debug|x64.Deploy.0 = Debug|x64
		{364F0467-7C29-4D7F-859E-FBF6C0F7F016}.Debug|x86.ActiveCfg = Debug|x86
		{364F0467-7C29-4D7F-859E-FBF6C0F7F016}.Debug|x86.Build.0 = Debug|x86
		{364F0467-7C29-4D7F-859E-FBF6C0F7F016}.Debug|x86.Deploy.0 = Debug|x86
		{364F0467-7C29-4D7F-859E-FBF6C0F7F016}.Release|Any CPU.ActiveCfg = Release|x64
		{364F0467-7C29-4D7F-859E-FBF6C0F7F016}.Release|Any CPU.Build.0 = Release|x64
		{364F0467-7C29-4D7F-859E-FBF6C0F7F016}.Release|Any CPU.Deploy.0 = Release|x64
		{364F0467-7C29-4D7F-859E-FBF6C0F7F016}.Release|arm64.ActiveCfg = Release|arm64
		{364F0467-7C29-4D7F-859E-FBF6C0F7F016}.Release|arm64.Build.0 = Release|arm64
		{364F0467-7C29-4D7F-859E-FBF6C0F7F016}.Release|arm64.Deploy.0 = Release|arm64
		{364F0467-7C29-4D7F-859E-FBF6C0F7F016}.Release|x64.ActiveCfg = Release|x64
		{364F0467-7C29-4D7F-859E-FBF6C0F7F016}.Release|x64.Build.0 = Release|x64
		{364F0467-7C29-4D7F-859E-FBF6C0F7F016}.Release|x64.Deploy.0 = Release|x64
		{364F0467-7C29-4D7F-859E-FBF6C0F7F016}.Release|x86.ActiveCfg = Release|x86
		{364F0467-7C29-4D7F-859E-FBF6C0F7F016}.Release|x86.Build.0 = Release|x86
		{364F0467-7C29-4D7F-859E-FBF6C0F7F016}.Release|x86.Deploy.0 = Release|x86
		{EBD6998B-2764-4177-9852-C3242B490F82}.Debug|Any CPU.ActiveCfg = Debug|Any CPU
		{EBD6998B-2764-4177-9852-C3242B490F82}.Debug|Any CPU.Build.0 = Debug|Any CPU
		{EBD6998B-2764-4177-9852-C3242B490F82}.Debug|arm64.ActiveCfg = Debug|arm64
		{EBD6998B-2764-4177-9852-C3242B490F82}.Debug|arm64.Build.0 = Debug|arm64
		{EBD6998B-2764-4177-9852-C3242B490F82}.Debug|x64.ActiveCfg = Debug|x64
		{EBD6998B-2764-4177-9852-C3242B490F82}.Debug|x64.Build.0 = Debug|x64
		{EBD6998B-2764-4177-9852-C3242B490F82}.Debug|x86.ActiveCfg = Debug|x86
		{EBD6998B-2764-4177-9852-C3242B490F82}.Debug|x86.Build.0 = Debug|x86
		{EBD6998B-2764-4177-9852-C3242B490F82}.Release|Any CPU.ActiveCfg = Release|Any CPU
		{EBD6998B-2764-4177-9852-C3242B490F82}.Release|Any CPU.Build.0 = Release|Any CPU
		{EBD6998B-2764-4177-9852-C3242B490F82}.Release|arm64.ActiveCfg = Release|arm64
		{EBD6998B-2764-4177-9852-C3242B490F82}.Release|arm64.Build.0 = Release|arm64
		{EBD6998B-2764-4177-9852-C3242B490F82}.Release|x64.ActiveCfg = Release|x64
		{EBD6998B-2764-4177-9852-C3242B490F82}.Release|x64.Build.0 = Release|x64
		{EBD6998B-2764-4177-9852-C3242B490F82}.Release|x86.ActiveCfg = Release|x86
		{EBD6998B-2764-4177-9852-C3242B490F82}.Release|x86.Build.0 = Release|x86
		{B81789D9-BFF3-4911-A01A-D0AE1F24C9AE}.Debug|Any CPU.ActiveCfg = Debug|x64
		{B81789D9-BFF3-4911-A01A-D0AE1F24C9AE}.Debug|Any CPU.Build.0 = Debug|x64
		{B81789D9-BFF3-4911-A01A-D0AE1F24C9AE}.Debug|arm64.ActiveCfg = Debug|x64
		{B81789D9-BFF3-4911-A01A-D0AE1F24C9AE}.Debug|arm64.Build.0 = Debug|x64
		{B81789D9-BFF3-4911-A01A-D0AE1F24C9AE}.Debug|x64.ActiveCfg = Debug|x64
		{B81789D9-BFF3-4911-A01A-D0AE1F24C9AE}.Debug|x64.Build.0 = Debug|x64
		{B81789D9-BFF3-4911-A01A-D0AE1F24C9AE}.Debug|x86.ActiveCfg = Debug|Win32
		{B81789D9-BFF3-4911-A01A-D0AE1F24C9AE}.Debug|x86.Build.0 = Debug|Win32
		{B81789D9-BFF3-4911-A01A-D0AE1F24C9AE}.Release|Any CPU.ActiveCfg = Release|x64
		{B81789D9-BFF3-4911-A01A-D0AE1F24C9AE}.Release|Any CPU.Build.0 = Release|x64
		{B81789D9-BFF3-4911-A01A-D0AE1F24C9AE}.Release|arm64.ActiveCfg = Release|x64
		{B81789D9-BFF3-4911-A01A-D0AE1F24C9AE}.Release|arm64.Build.0 = Release|x64
		{B81789D9-BFF3-4911-A01A-D0AE1F24C9AE}.Release|x64.ActiveCfg = Release|x64
		{B81789D9-BFF3-4911-A01A-D0AE1F24C9AE}.Release|x64.Build.0 = Release|x64
		{B81789D9-BFF3-4911-A01A-D0AE1F24C9AE}.Release|x86.ActiveCfg = Release|Win32
		{B81789D9-BFF3-4911-A01A-D0AE1F24C9AE}.Release|x86.Build.0 = Release|Win32
		{48CDF8C2-4070-4040-A150-30C1B63B39EB}.Debug|Any CPU.ActiveCfg = Debug|x64
		{48CDF8C2-4070-4040-A150-30C1B63B39EB}.Debug|Any CPU.Build.0 = Debug|x64
		{48CDF8C2-4070-4040-A150-30C1B63B39EB}.Debug|arm64.ActiveCfg = Debug|x64
		{48CDF8C2-4070-4040-A150-30C1B63B39EB}.Debug|arm64.Build.0 = Debug|x64
		{48CDF8C2-4070-4040-A150-30C1B63B39EB}.Debug|x64.ActiveCfg = Debug|x64
		{48CDF8C2-4070-4040-A150-30C1B63B39EB}.Debug|x64.Build.0 = Debug|x64
		{48CDF8C2-4070-4040-A150-30C1B63B39EB}.Debug|x86.ActiveCfg = Debug|Win32
		{48CDF8C2-4070-4040-A150-30C1B63B39EB}.Debug|x86.Build.0 = Debug|Win32
		{48CDF8C2-4070-4040-A150-30C1B63B39EB}.Release|Any CPU.ActiveCfg = Release|x64
		{48CDF8C2-4070-4040-A150-30C1B63B39EB}.Release|Any CPU.Build.0 = Release|x64
		{48CDF8C2-4070-4040-A150-30C1B63B39EB}.Release|arm64.ActiveCfg = Release|x64
		{48CDF8C2-4070-4040-A150-30C1B63B39EB}.Release|arm64.Build.0 = Release|x64
		{48CDF8C2-4070-4040-A150-30C1B63B39EB}.Release|x64.ActiveCfg = Release|x64
		{48CDF8C2-4070-4040-A150-30C1B63B39EB}.Release|x64.Build.0 = Release|x64
		{48CDF8C2-4070-4040-A150-30C1B63B39EB}.Release|x86.ActiveCfg = Release|Win32
		{48CDF8C2-4070-4040-A150-30C1B63B39EB}.Release|x86.Build.0 = Release|Win32
		{AB9BAC2E-012A-424A-BF9B-89E8D1100CAF}.Debug|Any CPU.ActiveCfg = Debug|Any CPU
		{AB9BAC2E-012A-424A-BF9B-89E8D1100CAF}.Debug|Any CPU.Build.0 = Debug|Any CPU
		{AB9BAC2E-012A-424A-BF9B-89E8D1100CAF}.Debug|Any CPU.Deploy.0 = Debug|Any CPU
		{AB9BAC2E-012A-424A-BF9B-89E8D1100CAF}.Debug|arm64.ActiveCfg = Debug|Any CPU
		{AB9BAC2E-012A-424A-BF9B-89E8D1100CAF}.Debug|arm64.Build.0 = Debug|Any CPU
		{AB9BAC2E-012A-424A-BF9B-89E8D1100CAF}.Debug|arm64.Deploy.0 = Debug|Any CPU
		{AB9BAC2E-012A-424A-BF9B-89E8D1100CAF}.Debug|x64.ActiveCfg = Debug|Any CPU
		{AB9BAC2E-012A-424A-BF9B-89E8D1100CAF}.Debug|x64.Build.0 = Debug|Any CPU
		{AB9BAC2E-012A-424A-BF9B-89E8D1100CAF}.Debug|x64.Deploy.0 = Debug|Any CPU
		{AB9BAC2E-012A-424A-BF9B-89E8D1100CAF}.Debug|x86.ActiveCfg = Debug|Any CPU
		{AB9BAC2E-012A-424A-BF9B-89E8D1100CAF}.Debug|x86.Build.0 = Debug|Any CPU
		{AB9BAC2E-012A-424A-BF9B-89E8D1100CAF}.Debug|x86.Deploy.0 = Debug|Any CPU
		{AB9BAC2E-012A-424A-BF9B-89E8D1100CAF}.Release|Any CPU.ActiveCfg = Release|Any CPU
		{AB9BAC2E-012A-424A-BF9B-89E8D1100CAF}.Release|Any CPU.Build.0 = Release|Any CPU
		{AB9BAC2E-012A-424A-BF9B-89E8D1100CAF}.Release|Any CPU.Deploy.0 = Release|Any CPU
		{AB9BAC2E-012A-424A-BF9B-89E8D1100CAF}.Release|arm64.ActiveCfg = Release|Any CPU
		{AB9BAC2E-012A-424A-BF9B-89E8D1100CAF}.Release|arm64.Build.0 = Release|Any CPU
		{AB9BAC2E-012A-424A-BF9B-89E8D1100CAF}.Release|arm64.Deploy.0 = Release|Any CPU
		{AB9BAC2E-012A-424A-BF9B-89E8D1100CAF}.Release|x64.ActiveCfg = Release|Any CPU
		{AB9BAC2E-012A-424A-BF9B-89E8D1100CAF}.Release|x64.Build.0 = Release|Any CPU
		{AB9BAC2E-012A-424A-BF9B-89E8D1100CAF}.Release|x64.Deploy.0 = Release|Any CPU
		{AB9BAC2E-012A-424A-BF9B-89E8D1100CAF}.Release|x86.ActiveCfg = Release|Any CPU
		{AB9BAC2E-012A-424A-BF9B-89E8D1100CAF}.Release|x86.Build.0 = Release|Any CPU
		{AB9BAC2E-012A-424A-BF9B-89E8D1100CAF}.Release|x86.Deploy.0 = Release|Any CPU
		{E091BD4A-A6C1-4A18-B75A-819822DA57E9}.Debug|Any CPU.ActiveCfg = Debug|Any CPU
		{E091BD4A-A6C1-4A18-B75A-819822DA57E9}.Debug|Any CPU.Build.0 = Debug|Any CPU
		{E091BD4A-A6C1-4A18-B75A-819822DA57E9}.Debug|arm64.ActiveCfg = Debug|Any CPU
		{E091BD4A-A6C1-4A18-B75A-819822DA57E9}.Debug|arm64.Build.0 = Debug|Any CPU
		{E091BD4A-A6C1-4A18-B75A-819822DA57E9}.Debug|x64.ActiveCfg = Debug|Any CPU
		{E091BD4A-A6C1-4A18-B75A-819822DA57E9}.Debug|x64.Build.0 = Debug|Any CPU
		{E091BD4A-A6C1-4A18-B75A-819822DA57E9}.Debug|x86.ActiveCfg = Debug|Any CPU
		{E091BD4A-A6C1-4A18-B75A-819822DA57E9}.Debug|x86.Build.0 = Debug|Any CPU
		{E091BD4A-A6C1-4A18-B75A-819822DA57E9}.Release|Any CPU.ActiveCfg = Release|Any CPU
		{E091BD4A-A6C1-4A18-B75A-819822DA57E9}.Release|Any CPU.Build.0 = Release|Any CPU
		{E091BD4A-A6C1-4A18-B75A-819822DA57E9}.Release|arm64.ActiveCfg = Release|Any CPU
		{E091BD4A-A6C1-4A18-B75A-819822DA57E9}.Release|arm64.Build.0 = Release|Any CPU
		{E091BD4A-A6C1-4A18-B75A-819822DA57E9}.Release|x64.ActiveCfg = Release|Any CPU
		{E091BD4A-A6C1-4A18-B75A-819822DA57E9}.Release|x64.Build.0 = Release|Any CPU
		{E091BD4A-A6C1-4A18-B75A-819822DA57E9}.Release|x86.ActiveCfg = Release|Any CPU
		{E091BD4A-A6C1-4A18-B75A-819822DA57E9}.Release|x86.Build.0 = Release|Any CPU
		{7DAAEB98-46A2-4792-9950-AED7712EB151}.Debug|Any CPU.ActiveCfg = Debug|Any CPU
		{7DAAEB98-46A2-4792-9950-AED7712EB151}.Debug|Any CPU.Build.0 = Debug|Any CPU
		{7DAAEB98-46A2-4792-9950-AED7712EB151}.Debug|arm64.ActiveCfg = Debug|Any CPU
		{7DAAEB98-46A2-4792-9950-AED7712EB151}.Debug|arm64.Build.0 = Debug|Any CPU
		{7DAAEB98-46A2-4792-9950-AED7712EB151}.Debug|x64.ActiveCfg = Debug|Any CPU
		{7DAAEB98-46A2-4792-9950-AED7712EB151}.Debug|x64.Build.0 = Debug|Any CPU
		{7DAAEB98-46A2-4792-9950-AED7712EB151}.Debug|x86.ActiveCfg = Debug|Any CPU
		{7DAAEB98-46A2-4792-9950-AED7712EB151}.Debug|x86.Build.0 = Debug|Any CPU
		{7DAAEB98-46A2-4792-9950-AED7712EB151}.Release|Any CPU.ActiveCfg = Release|Any CPU
		{7DAAEB98-46A2-4792-9950-AED7712EB151}.Release|Any CPU.Build.0 = Release|Any CPU
		{7DAAEB98-46A2-4792-9950-AED7712EB151}.Release|arm64.ActiveCfg = Release|Any CPU
		{7DAAEB98-46A2-4792-9950-AED7712EB151}.Release|arm64.Build.0 = Release|Any CPU
		{7DAAEB98-46A2-4792-9950-AED7712EB151}.Release|x64.ActiveCfg = Release|Any CPU
		{7DAAEB98-46A2-4792-9950-AED7712EB151}.Release|x64.Build.0 = Release|Any CPU
		{7DAAEB98-46A2-4792-9950-AED7712EB151}.Release|x86.ActiveCfg = Release|Any CPU
		{7DAAEB98-46A2-4792-9950-AED7712EB151}.Release|x86.Build.0 = Release|Any CPU
		{7BA57957-3A46-4A9B-B600-BA5088E4F441}.Debug|Any CPU.ActiveCfg = Debug|x64
		{7BA57957-3A46-4A9B-B600-BA5088E4F441}.Debug|Any CPU.Build.0 = Debug|x64
		{7BA57957-3A46-4A9B-B600-BA5088E4F441}.Debug|arm64.ActiveCfg = Debug|x64
		{7BA57957-3A46-4A9B-B600-BA5088E4F441}.Debug|arm64.Build.0 = Debug|x64
		{7BA57957-3A46-4A9B-B600-BA5088E4F441}.Debug|x64.ActiveCfg = Debug|x64
		{7BA57957-3A46-4A9B-B600-BA5088E4F441}.Debug|x64.Build.0 = Debug|x64
		{7BA57957-3A46-4A9B-B600-BA5088E4F441}.Debug|x86.ActiveCfg = Debug|Win32
		{7BA57957-3A46-4A9B-B600-BA5088E4F441}.Debug|x86.Build.0 = Debug|Win32
		{7BA57957-3A46-4A9B-B600-BA5088E4F441}.Release|Any CPU.ActiveCfg = Release|x64
		{7BA57957-3A46-4A9B-B600-BA5088E4F441}.Release|Any CPU.Build.0 = Release|x64
		{7BA57957-3A46-4A9B-B600-BA5088E4F441}.Release|arm64.ActiveCfg = Release|x64
		{7BA57957-3A46-4A9B-B600-BA5088E4F441}.Release|arm64.Build.0 = Release|x64
		{7BA57957-3A46-4A9B-B600-BA5088E4F441}.Release|x64.ActiveCfg = Release|x64
		{7BA57957-3A46-4A9B-B600-BA5088E4F441}.Release|x64.Build.0 = Release|x64
		{7BA57957-3A46-4A9B-B600-BA5088E4F441}.Release|x86.ActiveCfg = Release|Win32
		{7BA57957-3A46-4A9B-B600-BA5088E4F441}.Release|x86.Build.0 = Release|Win32
		{8BD41B92-2086-467B-9E55-1794A590FF15}.Debug|Any CPU.ActiveCfg = Debug|Any CPU
		{8BD41B92-2086-467B-9E55-1794A590FF15}.Debug|Any CPU.Build.0 = Debug|Any CPU
		{8BD41B92-2086-467B-9E55-1794A590FF15}.Debug|arm64.ActiveCfg = Debug|Any CPU
		{8BD41B92-2086-467B-9E55-1794A590FF15}.Debug|arm64.Build.0 = Debug|Any CPU
		{8BD41B92-2086-467B-9E55-1794A590FF15}.Debug|x64.ActiveCfg = Debug|Any CPU
		{8BD41B92-2086-467B-9E55-1794A590FF15}.Debug|x64.Build.0 = Debug|Any CPU
		{8BD41B92-2086-467B-9E55-1794A590FF15}.Debug|x86.ActiveCfg = Debug|Any CPU
		{8BD41B92-2086-467B-9E55-1794A590FF15}.Debug|x86.Build.0 = Debug|Any CPU
		{8BD41B92-2086-467B-9E55-1794A590FF15}.Release|Any CPU.ActiveCfg = Release|Any CPU
		{8BD41B92-2086-467B-9E55-1794A590FF15}.Release|Any CPU.Build.0 = Release|Any CPU
		{8BD41B92-2086-467B-9E55-1794A590FF15}.Release|arm64.ActiveCfg = Release|Any CPU
		{8BD41B92-2086-467B-9E55-1794A590FF15}.Release|arm64.Build.0 = Release|Any CPU
		{8BD41B92-2086-467B-9E55-1794A590FF15}.Release|x64.ActiveCfg = Release|Any CPU
		{8BD41B92-2086-467B-9E55-1794A590FF15}.Release|x64.Build.0 = Release|Any CPU
		{8BD41B92-2086-467B-9E55-1794A590FF15}.Release|x86.ActiveCfg = Release|Any CPU
		{8BD41B92-2086-467B-9E55-1794A590FF15}.Release|x86.Build.0 = Release|Any CPU
		{745C18F8-8AF9-485A-A534-B187729DFF09}.Debug|Any CPU.ActiveCfg = Debug|Any CPU
		{745C18F8-8AF9-485A-A534-B187729DFF09}.Debug|Any CPU.Build.0 = Debug|Any CPU
		{745C18F8-8AF9-485A-A534-B187729DFF09}.Debug|arm64.ActiveCfg = Debug|Any CPU
		{745C18F8-8AF9-485A-A534-B187729DFF09}.Debug|arm64.Build.0 = Debug|Any CPU
		{745C18F8-8AF9-485A-A534-B187729DFF09}.Debug|x64.ActiveCfg = Debug|Any CPU
		{745C18F8-8AF9-485A-A534-B187729DFF09}.Debug|x64.Build.0 = Debug|Any CPU
		{745C18F8-8AF9-485A-A534-B187729DFF09}.Debug|x86.ActiveCfg = Debug|Any CPU
		{745C18F8-8AF9-485A-A534-B187729DFF09}.Debug|x86.Build.0 = Debug|Any CPU
		{745C18F8-8AF9-485A-A534-B187729DFF09}.Release|Any CPU.ActiveCfg = Release|Any CPU
		{745C18F8-8AF9-485A-A534-B187729DFF09}.Release|Any CPU.Build.0 = Release|Any CPU
		{745C18F8-8AF9-485A-A534-B187729DFF09}.Release|arm64.ActiveCfg = Release|Any CPU
		{745C18F8-8AF9-485A-A534-B187729DFF09}.Release|arm64.Build.0 = Release|Any CPU
		{745C18F8-8AF9-485A-A534-B187729DFF09}.Release|x64.ActiveCfg = Release|Any CPU
		{745C18F8-8AF9-485A-A534-B187729DFF09}.Release|x64.Build.0 = Release|Any CPU
		{745C18F8-8AF9-485A-A534-B187729DFF09}.Release|x86.ActiveCfg = Release|Any CPU
		{745C18F8-8AF9-485A-A534-B187729DFF09}.Release|x86.Build.0 = Release|Any CPU
		{CE26A3AD-6C2E-413B-A5C4-CA5181CE3B2A}.Debug|Any CPU.ActiveCfg = Debug|Any CPU
		{CE26A3AD-6C2E-413B-A5C4-CA5181CE3B2A}.Debug|Any CPU.Build.0 = Debug|Any CPU
		{CE26A3AD-6C2E-413B-A5C4-CA5181CE3B2A}.Debug|arm64.ActiveCfg = Debug|Any CPU
		{CE26A3AD-6C2E-413B-A5C4-CA5181CE3B2A}.Debug|arm64.Build.0 = Debug|Any CPU
		{CE26A3AD-6C2E-413B-A5C4-CA5181CE3B2A}.Debug|x64.ActiveCfg = Debug|Any CPU
		{CE26A3AD-6C2E-413B-A5C4-CA5181CE3B2A}.Debug|x64.Build.0 = Debug|Any CPU
		{CE26A3AD-6C2E-413B-A5C4-CA5181CE3B2A}.Debug|x86.ActiveCfg = Debug|Any CPU
		{CE26A3AD-6C2E-413B-A5C4-CA5181CE3B2A}.Debug|x86.Build.0 = Debug|Any CPU
		{CE26A3AD-6C2E-413B-A5C4-CA5181CE3B2A}.Release|Any CPU.ActiveCfg = Release|Any CPU
		{CE26A3AD-6C2E-413B-A5C4-CA5181CE3B2A}.Release|Any CPU.Build.0 = Release|Any CPU
		{CE26A3AD-6C2E-413B-A5C4-CA5181CE3B2A}.Release|arm64.ActiveCfg = Release|Any CPU
		{CE26A3AD-6C2E-413B-A5C4-CA5181CE3B2A}.Release|arm64.Build.0 = Release|Any CPU
		{CE26A3AD-6C2E-413B-A5C4-CA5181CE3B2A}.Release|x64.ActiveCfg = Release|Any CPU
		{CE26A3AD-6C2E-413B-A5C4-CA5181CE3B2A}.Release|x64.Build.0 = Release|Any CPU
		{CE26A3AD-6C2E-413B-A5C4-CA5181CE3B2A}.Release|x86.ActiveCfg = Release|Any CPU
		{CE26A3AD-6C2E-413B-A5C4-CA5181CE3B2A}.Release|x86.Build.0 = Release|Any CPU
		{F39E5CA1-18F1-42BB-9A2D-22591DCF5696}.Debug|Any CPU.ActiveCfg = Debug|Any CPU
		{F39E5CA1-18F1-42BB-9A2D-22591DCF5696}.Debug|Any CPU.Build.0 = Debug|Any CPU
		{F39E5CA1-18F1-42BB-9A2D-22591DCF5696}.Debug|Any CPU.Deploy.0 = Debug|Any CPU
		{F39E5CA1-18F1-42BB-9A2D-22591DCF5696}.Debug|arm64.ActiveCfg = Debug|Any CPU
		{F39E5CA1-18F1-42BB-9A2D-22591DCF5696}.Debug|arm64.Build.0 = Debug|Any CPU
		{F39E5CA1-18F1-42BB-9A2D-22591DCF5696}.Debug|arm64.Deploy.0 = Debug|Any CPU
		{F39E5CA1-18F1-42BB-9A2D-22591DCF5696}.Debug|x64.ActiveCfg = Debug|Any CPU
		{F39E5CA1-18F1-42BB-9A2D-22591DCF5696}.Debug|x64.Build.0 = Debug|Any CPU
		{F39E5CA1-18F1-42BB-9A2D-22591DCF5696}.Debug|x64.Deploy.0 = Debug|Any CPU
		{F39E5CA1-18F1-42BB-9A2D-22591DCF5696}.Debug|x86.ActiveCfg = Debug|Any CPU
		{F39E5CA1-18F1-42BB-9A2D-22591DCF5696}.Debug|x86.Build.0 = Debug|Any CPU
		{F39E5CA1-18F1-42BB-9A2D-22591DCF5696}.Debug|x86.Deploy.0 = Debug|Any CPU
		{F39E5CA1-18F1-42BB-9A2D-22591DCF5696}.Release|Any CPU.ActiveCfg = Release|Any CPU
		{F39E5CA1-18F1-42BB-9A2D-22591DCF5696}.Release|Any CPU.Build.0 = Release|Any CPU
		{F39E5CA1-18F1-42BB-9A2D-22591DCF5696}.Release|Any CPU.Deploy.0 = Release|Any CPU
		{F39E5CA1-18F1-42BB-9A2D-22591DCF5696}.Release|arm64.ActiveCfg = Release|Any CPU
		{F39E5CA1-18F1-42BB-9A2D-22591DCF5696}.Release|arm64.Build.0 = Release|Any CPU
		{F39E5CA1-18F1-42BB-9A2D-22591DCF5696}.Release|arm64.Deploy.0 = Release|Any CPU
		{F39E5CA1-18F1-42BB-9A2D-22591DCF5696}.Release|x64.ActiveCfg = Release|Any CPU
		{F39E5CA1-18F1-42BB-9A2D-22591DCF5696}.Release|x64.Build.0 = Release|Any CPU
		{F39E5CA1-18F1-42BB-9A2D-22591DCF5696}.Release|x64.Deploy.0 = Release|Any CPU
		{F39E5CA1-18F1-42BB-9A2D-22591DCF5696}.Release|x86.ActiveCfg = Release|Any CPU
		{F39E5CA1-18F1-42BB-9A2D-22591DCF5696}.Release|x86.Build.0 = Release|Any CPU
		{F39E5CA1-18F1-42BB-9A2D-22591DCF5696}.Release|x86.Deploy.0 = Release|Any CPU
		{343E323A-2CAD-4EBF-A12A-7D3A5079ABBD}.Debug|Any CPU.ActiveCfg = Debug|Any CPU
		{343E323A-2CAD-4EBF-A12A-7D3A5079ABBD}.Debug|Any CPU.Build.0 = Debug|Any CPU
		{343E323A-2CAD-4EBF-A12A-7D3A5079ABBD}.Debug|arm64.ActiveCfg = Debug|Any CPU
		{343E323A-2CAD-4EBF-A12A-7D3A5079ABBD}.Debug|arm64.Build.0 = Debug|Any CPU
		{343E323A-2CAD-4EBF-A12A-7D3A5079ABBD}.Debug|x64.ActiveCfg = Debug|Any CPU
		{343E323A-2CAD-4EBF-A12A-7D3A5079ABBD}.Debug|x64.Build.0 = Debug|Any CPU
		{343E323A-2CAD-4EBF-A12A-7D3A5079ABBD}.Debug|x86.ActiveCfg = Debug|Any CPU
		{343E323A-2CAD-4EBF-A12A-7D3A5079ABBD}.Debug|x86.Build.0 = Debug|Any CPU
		{343E323A-2CAD-4EBF-A12A-7D3A5079ABBD}.Release|Any CPU.ActiveCfg = Release|Any CPU
		{343E323A-2CAD-4EBF-A12A-7D3A5079ABBD}.Release|Any CPU.Build.0 = Release|Any CPU
		{343E323A-2CAD-4EBF-A12A-7D3A5079ABBD}.Release|arm64.ActiveCfg = Release|Any CPU
		{343E323A-2CAD-4EBF-A12A-7D3A5079ABBD}.Release|arm64.Build.0 = Release|Any CPU
		{343E323A-2CAD-4EBF-A12A-7D3A5079ABBD}.Release|x64.ActiveCfg = Release|Any CPU
		{343E323A-2CAD-4EBF-A12A-7D3A5079ABBD}.Release|x64.Build.0 = Release|Any CPU
		{343E323A-2CAD-4EBF-A12A-7D3A5079ABBD}.Release|x86.ActiveCfg = Release|Any CPU
		{343E323A-2CAD-4EBF-A12A-7D3A5079ABBD}.Release|x86.Build.0 = Release|Any CPU
		{F5D6D530-3043-CFF9-0606-B5F5C5C6102D}.Debug|Any CPU.ActiveCfg = Debug|Any CPU
		{F5D6D530-3043-CFF9-0606-B5F5C5C6102D}.Debug|Any CPU.Build.0 = Debug|Any CPU
		{F5D6D530-3043-CFF9-0606-B5F5C5C6102D}.Debug|Any CPU.Deploy.0 = Debug|Any CPU
		{F5D6D530-3043-CFF9-0606-B5F5C5C6102D}.Debug|arm64.ActiveCfg = Debug|Any CPU
		{F5D6D530-3043-CFF9-0606-B5F5C5C6102D}.Debug|arm64.Build.0 = Debug|Any CPU
		{F5D6D530-3043-CFF9-0606-B5F5C5C6102D}.Debug|arm64.Deploy.0 = Debug|Any CPU
		{F5D6D530-3043-CFF9-0606-B5F5C5C6102D}.Debug|x64.ActiveCfg = Debug|Any CPU
		{F5D6D530-3043-CFF9-0606-B5F5C5C6102D}.Debug|x64.Build.0 = Debug|Any CPU
		{F5D6D530-3043-CFF9-0606-B5F5C5C6102D}.Debug|x64.Deploy.0 = Debug|Any CPU
		{F5D6D530-3043-CFF9-0606-B5F5C5C6102D}.Debug|x86.ActiveCfg = Debug|Any CPU
		{F5D6D530-3043-CFF9-0606-B5F5C5C6102D}.Debug|x86.Build.0 = Debug|Any CPU
		{F5D6D530-3043-CFF9-0606-B5F5C5C6102D}.Debug|x86.Deploy.0 = Debug|Any CPU
		{F5D6D530-3043-CFF9-0606-B5F5C5C6102D}.Release|Any CPU.ActiveCfg = Release|Any CPU
		{F5D6D530-3043-CFF9-0606-B5F5C5C6102D}.Release|Any CPU.Build.0 = Release|Any CPU
		{F5D6D530-3043-CFF9-0606-B5F5C5C6102D}.Release|Any CPU.Deploy.0 = Release|Any CPU
		{F5D6D530-3043-CFF9-0606-B5F5C5C6102D}.Release|arm64.ActiveCfg = Release|Any CPU
		{F5D6D530-3043-CFF9-0606-B5F5C5C6102D}.Release|arm64.Build.0 = Release|Any CPU
		{F5D6D530-3043-CFF9-0606-B5F5C5C6102D}.Release|arm64.Deploy.0 = Release|Any CPU
		{F5D6D530-3043-CFF9-0606-B5F5C5C6102D}.Release|x64.ActiveCfg = Release|Any CPU
		{F5D6D530-3043-CFF9-0606-B5F5C5C6102D}.Release|x64.Build.0 = Release|Any CPU
		{F5D6D530-3043-CFF9-0606-B5F5C5C6102D}.Release|x64.Deploy.0 = Release|Any CPU
		{F5D6D530-3043-CFF9-0606-B5F5C5C6102D}.Release|x86.ActiveCfg = Release|Any CPU
		{F5D6D530-3043-CFF9-0606-B5F5C5C6102D}.Release|x86.Build.0 = Release|Any CPU
		{F5D6D530-3043-CFF9-0606-B5F5C5C6102D}.Release|x86.Deploy.0 = Release|Any CPU
		{282BEABE-D0AA-4251-A0F6-65B9C98EC324}.Debug|Any CPU.ActiveCfg = Debug|Any CPU
		{282BEABE-D0AA-4251-A0F6-65B9C98EC324}.Debug|Any CPU.Build.0 = Debug|Any CPU
		{282BEABE-D0AA-4251-A0F6-65B9C98EC324}.Debug|arm64.ActiveCfg = Debug|Any CPU
		{282BEABE-D0AA-4251-A0F6-65B9C98EC324}.Debug|arm64.Build.0 = Debug|Any CPU
		{282BEABE-D0AA-4251-A0F6-65B9C98EC324}.Debug|x64.ActiveCfg = Debug|Any CPU
		{282BEABE-D0AA-4251-A0F6-65B9C98EC324}.Debug|x64.Build.0 = Debug|Any CPU
		{282BEABE-D0AA-4251-A0F6-65B9C98EC324}.Debug|x86.ActiveCfg = Debug|Any CPU
		{282BEABE-D0AA-4251-A0F6-65B9C98EC324}.Debug|x86.Build.0 = Debug|Any CPU
		{282BEABE-D0AA-4251-A0F6-65B9C98EC324}.Release|Any CPU.ActiveCfg = Release|Any CPU
		{282BEABE-D0AA-4251-A0F6-65B9C98EC324}.Release|Any CPU.Build.0 = Release|Any CPU
		{282BEABE-D0AA-4251-A0F6-65B9C98EC324}.Release|arm64.ActiveCfg = Release|Any CPU
		{282BEABE-D0AA-4251-A0F6-65B9C98EC324}.Release|arm64.Build.0 = Release|Any CPU
		{282BEABE-D0AA-4251-A0F6-65B9C98EC324}.Release|x64.ActiveCfg = Release|Any CPU
		{282BEABE-D0AA-4251-A0F6-65B9C98EC324}.Release|x64.Build.0 = Release|Any CPU
		{282BEABE-D0AA-4251-A0F6-65B9C98EC324}.Release|x86.ActiveCfg = Release|Any CPU
		{282BEABE-D0AA-4251-A0F6-65B9C98EC324}.Release|x86.Build.0 = Release|Any CPU
	EndGlobalSection
	GlobalSection(SolutionProperties) = preSolution
		HideSolutionNode = FALSE
	EndGlobalSection
	GlobalSection(NestedProjects) = preSolution
		{8BD41B92-2086-467B-9E55-1794A590FF15} = {683CA2C9-7890-43DB-9071-C93F7B9DFECB}
	EndGlobalSection
	GlobalSection(ExtensibilityGlobals) = postSolution
		SolutionGuid = {9E392E8D-8CB6-45C9-B519-884088CDC7FD}
	EndGlobalSection
EndGlobal
